
Microsoft Visual Studio Solution File, Format Version 12.00
# Visual Studio Version 16
VisualStudioVersion = 16.0.30523.141
MinimumVisualStudioVersion = 10.0.40219.1
Project("{9A19103F-16F7-4668-BE54-9A1E7A4F7556}") = "Template", "Template.csproj", "{7B6C03E4-65A5-40A7-9C76-7F559DC1A194}"
EndProject
Project("{2150E333-8FDC-42A3-9474-1A3956D46DE8}") = "1-Web", "1-Web", "{A5CC19F5-B133-4D5E-96CF-DFE0AAF34478}"
EndProject
Project("{2150E333-8FDC-42A3-9474-1A3956D46DE8}") = "2-Application", "2-Application", "{2FED21A4-73FA-4800-9B4A-5942A1B2B2C2}"
EndProject
Project("{2150E333-8FDC-42A3-9474-1A3956D46DE8}") = "3-Domain", "3-Domain", "{80510B9B-E6BA-4050-BE88-228DDAFF9986}"
EndProject
Project("{2150E333-8FDC-42A3-9474-1A3956D46DE8}") = "4-Infra", "4-Infra", "{1F1A6832-7BFD-4FC8-A2BF-450469E0405B}"
EndProject
Project("{9A19103F-16F7-4668-BE54-9A1E7A4F7556}") = "Template.Application", "..\Template.Application\Template.Application.csproj", "{A718DED1-7532-4146-8CCF-A833274DB25D}"
EndProject
Project("{9A19103F-16F7-4668-BE54-9A1E7A4F7556}") = "Template.Domain", "..\Template.Domain\Template.Domain.csproj", "{AE071380-7145-4BB8-BFE0-CDF7B48741CD}"
EndProject
Project("{2150E333-8FDC-42A3-9474-1A3956D46DE8}") = "4.1-Data", "4.1-Data", "{06C37A74-65F4-41E5-8345-C19019387CC9}"
EndProject
Project("{2150E333-8FDC-42A3-9474-1A3956D46DE8}") = "4.2-CrossCulting", "4.2-CrossCulting", "{52D6360D-4B4D-4ADD-AF2D-881E2DCCCB01}"
EndProject
Project("{9A19103F-16F7-4668-BE54-9A1E7A4F7556}") = "Template.Data", "..\Template.Data\Template.Data.csproj", "{8894A9CC-E25D-4969-86CD-379E3C6F4FA9}"
EndProject
Project("{FAE04EC0-301F-11D3-BF4B-00C04F79EFBC}") = "Template.IoC", "..\Template.IoC\Template.IoC.csproj", "{30AE2EDB-A72C-49E0-9694-F0CCC5ED0033}"
EndProject
Global
	GlobalSection(SolutionConfigurationPlatforms) = preSolution
		Debug|Any CPU = Debug|Any CPU
		Release|Any CPU = Release|Any CPU
	EndGlobalSection
	GlobalSection(ProjectConfigurationPlatforms) = postSolution
		{7B6C03E4-65A5-40A7-9C76-7F559DC1A194}.Debug|Any CPU.ActiveCfg = Debug|Any CPU
		{7B6C03E4-65A5-40A7-9C76-7F559DC1A194}.Debug|Any CPU.Build.0 = Debug|Any CPU
		{7B6C03E4-65A5-40A7-9C76-7F559DC1A194}.Release|Any CPU.ActiveCfg = Release|Any CPU
		{7B6C03E4-65A5-40A7-9C76-7F559DC1A194}.Release|Any CPU.Build.0 = Release|Any CPU
		{A718DED1-7532-4146-8CCF-A833274DB25D}.Debug|Any CPU.ActiveCfg = Debug|Any CPU
		{A718DED1-7532-4146-8CCF-A833274DB25D}.Debug|Any CPU.Build.0 = Debug|Any CPU
		{A718DED1-7532-4146-8CCF-A833274DB25D}.Release|Any CPU.ActiveCfg = Release|Any CPU
		{A718DED1-7532-4146-8CCF-A833274DB25D}.Release|Any CPU.Build.0 = Release|Any CPU
		{AE071380-7145-4BB8-BFE0-CDF7B48741CD}.Debug|Any CPU.ActiveCfg = Debug|Any CPU
		{AE071380-7145-4BB8-BFE0-CDF7B48741CD}.Debug|Any CPU.Build.0 = Debug|Any CPU
		{AE071380-7145-4BB8-BFE0-CDF7B48741CD}.Release|Any CPU.ActiveCfg = Release|Any CPU
		{AE071380-7145-4BB8-BFE0-CDF7B48741CD}.Release|Any CPU.Build.0 = Release|Any CPU
		{8894A9CC-E25D-4969-86CD-379E3C6F4FA9}.Debug|Any CPU.ActiveCfg = Debug|Any CPU
		{8894A9CC-E25D-4969-86CD-379E3C6F4FA9}.Debug|Any CPU.Build.0 = Debug|Any CPU
		{8894A9CC-E25D-4969-86CD-379E3C6F4FA9}.Release|Any CPU.ActiveCfg = Release|Any CPU
		{8894A9CC-E25D-4969-86CD-379E3C6F4FA9}.Release|Any CPU.Build.0 = Release|Any CPU
		{30AE2EDB-A72C-49E0-9694-F0CCC5ED0033}.Debug|Any CPU.ActiveCfg = Debug|Any CPU
		{30AE2EDB-A72C-49E0-9694-F0CCC5ED0033}.Debug|Any CPU.Build.0 = Debug|Any CPU
		{30AE2EDB-A72C-49E0-9694-F0CCC5ED0033}.Release|Any CPU.ActiveCfg = Release|Any CPU
		{30AE2EDB-A72C-49E0-9694-F0CCC5ED0033}.Release|Any CPU.Build.0 = Release|Any CPU
	EndGlobalSection
	GlobalSection(SolutionProperties) = preSolution
		HideSolutionNode = FALSE
	EndGlobalSection
	GlobalSection(NestedProjects) = preSolution
		{7B6C03E4-65A5-40A7-9C76-7F559DC1A194} = {A5CC19F5-B133-4D5E-96CF-DFE0AAF34478}
		{A718DED1-7532-4146-8CCF-A833274DB25D} = {2FED21A4-73FA-4800-9B4A-5942A1B2B2C2}
		{AE071380-7145-4BB8-BFE0-CDF7B48741CD} = {80510B9B-E6BA-4050-BE88-228DDAFF9986}
		{06C37A74-65F4-41E5-8345-C19019387CC9} = {1F1A6832-7BFD-4FC8-A2BF-450469E0405B}
		{52D6360D-4B4D-4ADD-AF2D-881E2DCCCB01} = {1F1A6832-7BFD-4FC8-A2BF-450469E0405B}
		{8894A9CC-E25D-4969-86CD-379E3C6F4FA9} = {06C37A74-65F4-41E5-8345-C19019387CC9}
		{30AE2EDB-A72C-49E0-9694-F0CCC5ED0033} = {52D6360D-4B4D-4ADD-AF2D-881E2DCCCB01}
	EndGlobalSection
	GlobalSection(ExtensibilityGlobals) = postSolution
		SolutionGuid = {6AD56D76-2980-4A64-BF2D-4A74F89E2136}
	EndGlobalSection
EndGlobal
